
Microsoft Visual Studio Solution File, Format Version 12.00
# Visual Studio 15
VisualStudioVersion = 15.0.28307.136
MinimumVisualStudioVersion = 10.0.40219.1
Project("{9A19103F-16F7-4668-BE54-9A1E7A4F7556}") = "sensorpi", "sensorpi\sensorpi.csproj", "{C6C1F74B-526F-41D2-A447-5E3DAB6EA464}"
EndProject
Global
	GlobalSection(SolutionConfigurationPlatforms) = preSolution
		Debug|Any CPU = Debug|Any CPU
		Release|Any CPU = Release|Any CPU
	EndGlobalSection
	GlobalSection(ProjectConfigurationPlatforms) = postSolution
		{C6C1F74B-526F-41D2-A447-5E3DAB6EA464}.Debug|Any CPU.ActiveCfg = Debug|Any CPU
		{C6C1F74B-526F-41D2-A447-5E3DAB6EA464}.Debug|Any CPU.Build.0 = Debug|Any CPU
		{C6C1F74B-526F-41D2-A447-5E3DAB6EA464}.Release|Any CPU.ActiveCfg = Release|Any CPU
		{C6C1F74B-526F-41D2-A447-5E3DAB6EA464}.Release|Any CPU.Build.0 = Release|Any CPU
	EndGlobalSection
	GlobalSection(SolutionProperties) = preSolution
		HideSolutionNode = FALSE
	EndGlobalSection
	GlobalSection(ExtensibilityGlobals) = postSolution
		SolutionGuid = {D92F96C0-9548-4492-B03E-E5533A5D341A}
	EndGlobalSection
EndGlobal
